<?xml version="1.0" encoding="utf-8"?>
<Project ToolsVersion="4.0" xmlns="http://schemas.microsoft.com/developer/msbuild/2003">
  <ItemGroup>
    <Filter Include="Source Files">
      <UniqueIdentifier>{4FC737F1-C7A5-4376-A066-2A32D752A2FF}</UniqueIdentifier>
      <Extensions>cpp;c;cxx;def;odl;idl;hpj;bat;asm;asmx</Extensions>
    </Filter>
    <Filter Include="Source Files\emucore">
      <UniqueIdentifier>{5188eb42-0dec-46ba-b181-46760495045d}</UniqueIdentifier>
    </Filter>
    <Filter Include="Source Files\cheat">
      <UniqueIdentifier>{668555cd-5471-4274-8f88-ada71c1994ec}</UniqueIdentifier>
    </Filter>
    <Filter Include="Source Files\debugger">
      <UniqueIdentifier>{65430770-f470-43b9-b3ee-0fb9c1b1048d}</UniqueIdentifier>
    </Filter>
    <Filter Include="Source Files\gui">
      <UniqueIdentifier>{e031c7d2-674c-472b-9a04-70707ac75a7e}</UniqueIdentifier>
    </Filter>
    <Filter Include="Source Files\zlib">
      <UniqueIdentifier>{31501e98-40f8-4bcd-bf6f-52b133725061}</UniqueIdentifier>
    </Filter>
    <Filter Include="Source Files\libpng">
      <UniqueIdentifier>{9ca218eb-55db-44fa-abba-f20cf9d69d48}</UniqueIdentifier>
    </Filter>
    <Filter Include="Header Files">
      <UniqueIdentifier>{93995380-89BD-4b04-88EB-625FBE52EBFB}</UniqueIdentifier>
      <Extensions>h;hpp;hxx;hm;inl;inc;xsd</Extensions>
    </Filter>
    <Filter Include="Header Files\emucore">
      <UniqueIdentifier>{fe8200d9-0cf5-4591-8a11-74b7ac2d9095}</UniqueIdentifier>
    </Filter>
    <Filter Include="Header Files\debugger">
      <UniqueIdentifier>{6e05e22d-63c1-469a-abd6-0c768e73f573}</UniqueIdentifier>
    </Filter>
    <Filter Include="Header Files\cheat">
      <UniqueIdentifier>{22234c67-4cb3-43d1-ab09-94b81fc02aed}</UniqueIdentifier>
    </Filter>
    <Filter Include="Header Files\gui">
      <UniqueIdentifier>{ccb2b3e4-7db7-4397-8160-5a68059c656e}</UniqueIdentifier>
    </Filter>
    <Filter Include="Header Files\zlib">
      <UniqueIdentifier>{6ae0e432-d0ce-419a-8909-bc4c03fc0e23}</UniqueIdentifier>
    </Filter>
    <Filter Include="Header Files\libpng">
      <UniqueIdentifier>{b4ef4876-8f8c-4035-bc4a-0cbdbe2a5a44}</UniqueIdentifier>
    </Filter>
    <Filter Include="Resource Files">
      <UniqueIdentifier>{67DA6AB6-F800-4c08-8B7A-83BB121AAD01}</UniqueIdentifier>
      <Extensions>rc;ico;cur;bmp;dlg;rc2;rct;bin;rgs;gif;jpg;jpeg;jpe;resx</Extensions>
    </Filter>
  </ItemGroup>
  <ItemGroup>
    <ClCompile Include="..\common\FrameBufferGL.cxx">
      <Filter>Source Files</Filter>
    </ClCompile>
    <ClCompile Include="..\common\FrameBufferSoft.cxx">
      <Filter>Source Files</Filter>
    </ClCompile>
    <ClCompile Include="FSNodeWin32.cxx">
      <Filter>Source Files</Filter>
    </ClCompile>
    <ClCompile Include="..\common\mainSDL.cxx">
      <Filter>Source Files</Filter>
    </ClCompile>
    <ClCompile Include="OSystemWin32.cxx">
      <Filter>Source Files</Filter>
    </ClCompile>
    <ClCompile Include="..\common\PNGLibrary.cxx">
      <Filter>Source Files</Filter>
    </ClCompile>
    <ClCompile Include="..\common\RectList.cxx">
      <Filter>Source Files</Filter>
    </ClCompile>
    <ClCompile Include="SDL_win32_main.c">
      <Filter>Source Files</Filter>
    </ClCompile>
    <ClCompile Include="SerialPortWin32.cxx">
      <Filter>Source Files</Filter>
    </ClCompile>
    <ClCompile Include="SettingsWin32.cxx">
      <Filter>Source Files</Filter>
    </ClCompile>
    <ClCompile Include="..\common\Snapshot.cxx">
      <Filter>Source Files</Filter>
    </ClCompile>
    <ClCompile Include="..\common\SoundNull.cxx">
      <Filter>Source Files</Filter>
    </ClCompile>
    <ClCompile Include="..\common\SoundSDL.cxx">
      <Filter>Source Files</Filter>
    </ClCompile>
    <ClCompile Include="..\emucore\AtariVox.cxx">
      <Filter>Source Files\emucore</Filter>
    </ClCompile>
    <ClCompile Include="..\emucore\Booster.cxx">
      <Filter>Source Files\emucore</Filter>
    </ClCompile>
    <ClCompile Include="..\emucore\Cart.cxx">
      <Filter>Source Files\emucore</Filter>
    </ClCompile>
    <ClCompile Include="..\emucore\Cart0840.cxx">
      <Filter>Source Files\emucore</Filter>
    </ClCompile>
    <ClCompile Include="..\emucore\Cart2K.cxx">
      <Filter>Source Files\emucore</Filter>
    </ClCompile>
    <ClCompile Include="..\emucore\Cart3E.cxx">
      <Filter>Source Files\emucore</Filter>
    </ClCompile>
    <ClCompile Include="..\emucore\Cart3F.cxx">
      <Filter>Source Files\emucore</Filter>
    </ClCompile>
    <ClCompile Include="..\emucore\Cart4A50.cxx">
      <Filter>Source Files\emucore</Filter>
    </ClCompile>
    <ClCompile Include="..\emucore\Cart4K.cxx">
      <Filter>Source Files\emucore</Filter>
    </ClCompile>
    <ClCompile Include="..\emucore\CartAR.cxx">
      <Filter>Source Files\emucore</Filter>
    </ClCompile>
    <ClCompile Include="..\emucore\CartCV.cxx">
      <Filter>Source Files\emucore</Filter>
    </ClCompile>
    <ClCompile Include="..\emucore\CartDPC.cxx">
      <Filter>Source Files\emucore</Filter>
    </ClCompile>
    <ClCompile Include="..\emucore\CartDPCPlus.cxx">
      <Filter>Source Files\emucore</Filter>
    </ClCompile>
    <ClCompile Include="..\emucore\CartE0.cxx">
      <Filter>Source Files\emucore</Filter>
    </ClCompile>
    <ClCompile Include="..\emucore\CartE7.cxx">
      <Filter>Source Files\emucore</Filter>
    </ClCompile>
    <ClCompile Include="..\emucore\CartEF.cxx">
      <Filter>Source Files\emucore</Filter>
    </ClCompile>
    <ClCompile Include="..\emucore\CartEFSC.cxx">
      <Filter>Source Files\emucore</Filter>
    </ClCompile>
    <ClCompile Include="..\emucore\CartF0.cxx">
      <Filter>Source Files\emucore</Filter>
    </ClCompile>
    <ClCompile Include="..\emucore\CartF4.cxx">
      <Filter>Source Files\emucore</Filter>
    </ClCompile>
    <ClCompile Include="..\emucore\CartF4SC.cxx">
      <Filter>Source Files\emucore</Filter>
    </ClCompile>
    <ClCompile Include="..\emucore\CartF6.cxx">
      <Filter>Source Files\emucore</Filter>
    </ClCompile>
    <ClCompile Include="..\emucore\CartF6SC.cxx">
      <Filter>Source Files\emucore</Filter>
    </ClCompile>
    <ClCompile Include="..\emucore\CartF8.cxx">
      <Filter>Source Files\emucore</Filter>
    </ClCompile>
    <ClCompile Include="..\emucore\CartF8SC.cxx">
      <Filter>Source Files\emucore</Filter>
    </ClCompile>
    <ClCompile Include="..\emucore\CartFA.cxx">
      <Filter>Source Files\emucore</Filter>
    </ClCompile>
    <ClCompile Include="..\emucore\CartFE.cxx">
      <Filter>Source Files\emucore</Filter>
    </ClCompile>
    <ClCompile Include="..\emucore\CartMC.cxx">
      <Filter>Source Files\emucore</Filter>
    </ClCompile>
    <ClCompile Include="..\emucore\CartSB.cxx">
      <Filter>Source Files\emucore</Filter>
    </ClCompile>
    <ClCompile Include="..\emucore\CartUA.cxx">
      <Filter>Source Files\emucore</Filter>
    </ClCompile>
    <ClCompile Include="..\emucore\CartX07.cxx">
      <Filter>Source Files\emucore</Filter>
    </ClCompile>
    <ClCompile Include="..\emucore\Console.cxx">
      <Filter>Source Files\emucore</Filter>
    </ClCompile>
    <ClCompile Include="..\emucore\Control.cxx">
      <Filter>Source Files\emucore</Filter>
    </ClCompile>
    <ClCompile Include="..\emucore\Device.cxx">
      <Filter>Source Files\emucore</Filter>
    </ClCompile>
    <ClCompile Include="..\emucore\Driving.cxx">
      <Filter>Source Files\emucore</Filter>
    </ClCompile>
    <ClCompile Include="..\emucore\Event.cxx">
      <Filter>Source Files\emucore</Filter>
    </ClCompile>
    <ClCompile Include="..\emucore\EventHandler.cxx">
      <Filter>Source Files\emucore</Filter>
    </ClCompile>
    <ClCompile Include="..\emucore\FrameBuffer.cxx">
      <Filter>Source Files\emucore</Filter>
    </ClCompile>
    <ClCompile Include="..\emucore\FSNode.cxx">
      <Filter>Source Files\emucore</Filter>
    </ClCompile>
    <ClCompile Include="..\emucore\Genesis.cxx">
      <Filter>Source Files\emucore</Filter>
    </ClCompile>
    <ClCompile Include="..\emucore\Joystick.cxx">
      <Filter>Source Files\emucore</Filter>
    </ClCompile>
    <ClCompile Include="..\emucore\Keyboard.cxx">
      <Filter>Source Files\emucore</Filter>
    </ClCompile>
    <ClCompile Include="..\emucore\KidVid.cxx">
      <Filter>Source Files\emucore</Filter>
    </ClCompile>
    <ClCompile Include="..\emucore\M6502.cxx">
      <Filter>Source Files\emucore</Filter>
    </ClCompile>
    <ClCompile Include="..\emucore\M6532.cxx">
      <Filter>Source Files\emucore</Filter>
    </ClCompile>
    <ClCompile Include="..\emucore\MD5.cxx">
      <Filter>Source Files\emucore</Filter>
    </ClCompile>
    <ClCompile Include="..\emucore\MediaFactory.cxx">
      <Filter>Source Files\emucore</Filter>
    </ClCompile>
    <ClCompile Include="..\emucore\MT24LC256.cxx">
      <Filter>Source Files\emucore</Filter>
    </ClCompile>
    <ClCompile Include="..\emucore\NullDev.cxx">
      <Filter>Source Files\emucore</Filter>
    </ClCompile>
    <ClCompile Include="..\emucore\OSystem.cxx">
      <Filter>Source Files\emucore</Filter>
    </ClCompile>
    <ClCompile Include="..\emucore\Paddles.cxx">
      <Filter>Source Files\emucore</Filter>
    </ClCompile>
    <ClCompile Include="..\emucore\Props.cxx">
      <Filter>Source Files\emucore</Filter>
    </ClCompile>
    <ClCompile Include="..\emucore\PropsSet.cxx">
      <Filter>Source Files\emucore</Filter>
    </ClCompile>
    <ClCompile Include="..\emucore\Random.cxx">
      <Filter>Source Files\emucore</Filter>
    </ClCompile>
    <ClCompile Include="..\emucore\SaveKey.cxx">
      <Filter>Source Files\emucore</Filter>
    </ClCompile>
    <ClCompile Include="..\emucore\Serializer.cxx">
      <Filter>Source Files\emucore</Filter>
    </ClCompile>
    <ClCompile Include="..\emucore\Settings.cxx">
      <Filter>Source Files\emucore</Filter>
    </ClCompile>
    <ClCompile Include="..\emucore\StateManager.cxx">
      <Filter>Source Files\emucore</Filter>
    </ClCompile>
    <ClCompile Include="..\emucore\Switches.cxx">
      <Filter>Source Files\emucore</Filter>
    </ClCompile>
    <ClCompile Include="..\emucore\System.cxx">
      <Filter>Source Files\emucore</Filter>
    </ClCompile>
    <ClCompile Include="..\emucore\Thumbulator.cxx">
      <Filter>Source Files\emucore</Filter>
    </ClCompile>
    <ClCompile Include="..\emucore\TIA.cxx">
      <Filter>Source Files\emucore</Filter>
    </ClCompile>
    <ClCompile Include="..\emucore\TIASnd.cxx">
      <Filter>Source Files\emucore</Filter>
    </ClCompile>
    <ClCompile Include="..\emucore\TIATables.cxx">
      <Filter>Source Files\emucore</Filter>
    </ClCompile>
    <ClCompile Include="..\emucore\TrackBall.cxx">
      <Filter>Source Files\emucore</Filter>
    </ClCompile>
    <ClCompile Include="..\emucore\unzip.c">
      <Filter>Source Files\emucore</Filter>
    </ClCompile>
    <ClCompile Include="..\cheat\BankRomCheat.cxx">
      <Filter>Source Files\cheat</Filter>
    </ClCompile>
    <ClCompile Include="..\cheat\CheatCodeDialog.cxx">
      <Filter>Source Files\cheat</Filter>
    </ClCompile>
    <ClCompile Include="..\cheat\CheatManager.cxx">
      <Filter>Source Files\cheat</Filter>
    </ClCompile>
    <ClCompile Include="..\cheat\CheetahCheat.cxx">
      <Filter>Source Files\cheat</Filter>
    </ClCompile>
    <ClCompile Include="..\cheat\RamCheat.cxx">
      <Filter>Source Files\cheat</Filter>
    </ClCompile>
    <ClCompile Include="..\debugger\gui\AudioWidget.cxx">
      <Filter>Source Files\debugger</Filter>
    </ClCompile>
    <ClCompile Include="..\debugger\CartDebug.cxx">
      <Filter>Source Files\debugger</Filter>
    </ClCompile>
    <ClCompile Include="..\debugger\gui\ColorWidget.cxx">
      <Filter>Source Files\debugger</Filter>
    </ClCompile>
    <ClCompile Include="..\debugger\CpuDebug.cxx">
      <Filter>Source Files\debugger</Filter>
    </ClCompile>
    <ClCompile Include="..\debugger\gui\CpuWidget.cxx">
      <Filter>Source Files\debugger</Filter>
    </ClCompile>
    <ClCompile Include="..\debugger\gui\DataGridOpsWidget.cxx">
      <Filter>Source Files\debugger</Filter>
    </ClCompile>
    <ClCompile Include="..\debugger\gui\DataGridWidget.cxx">
      <Filter>Source Files\debugger</Filter>
    </ClCompile>
    <ClCompile Include="..\debugger\Debugger.cxx">
      <Filter>Source Files\debugger</Filter>
    </ClCompile>
    <ClCompile Include="..\debugger\gui\DebuggerDialog.cxx">
      <Filter>Source Files\debugger</Filter>
    </ClCompile>
    <ClCompile Include="..\debugger\DebuggerParser.cxx">
      <Filter>Source Files\debugger</Filter>
    </ClCompile>
    <ClCompile Include="..\debugger\DiStella.cxx">
      <Filter>Source Files\debugger</Filter>
    </ClCompile>
    <ClCompile Include="..\debugger\Expression.cxx">
      <Filter>Source Files\debugger</Filter>
    </ClCompile>
    <ClCompile Include="..\debugger\PackedBitArray.cxx">
      <Filter>Source Files\debugger</Filter>
    </ClCompile>
    <ClCompile Include="..\debugger\gui\PromptWidget.cxx">
      <Filter>Source Files\debugger</Filter>
    </ClCompile>
    <ClCompile Include="..\debugger\gui\RamWidget.cxx">
      <Filter>Source Files\debugger</Filter>
    </ClCompile>
    <ClCompile Include="..\debugger\RiotDebug.cxx">
      <Filter>Source Files\debugger</Filter>
    </ClCompile>
    <ClCompile Include="..\debugger\gui\RiotWidget.cxx">
      <Filter>Source Files\debugger</Filter>
    </ClCompile>
    <ClCompile Include="..\debugger\gui\RomListWidget.cxx">
      <Filter>Source Files\debugger</Filter>
    </ClCompile>
    <ClCompile Include="..\debugger\gui\RomWidget.cxx">
      <Filter>Source Files\debugger</Filter>
    </ClCompile>
    <ClCompile Include="..\debugger\TIADebug.cxx">
      <Filter>Source Files\debugger</Filter>
    </ClCompile>
    <ClCompile Include="..\debugger\gui\TiaInfoWidget.cxx">
      <Filter>Source Files\debugger</Filter>
    </ClCompile>
    <ClCompile Include="..\debugger\gui\TiaOutputWidget.cxx">
      <Filter>Source Files\debugger</Filter>
    </ClCompile>
    <ClCompile Include="..\debugger\gui\TiaWidget.cxx">
      <Filter>Source Files\debugger</Filter>
    </ClCompile>
    <ClCompile Include="..\debugger\gui\TiaZoomWidget.cxx">
      <Filter>Source Files\debugger</Filter>
    </ClCompile>
    <ClCompile Include="..\debugger\gui\ToggleBitWidget.cxx">
      <Filter>Source Files\debugger</Filter>
    </ClCompile>
    <ClCompile Include="..\debugger\gui\TogglePixelWidget.cxx">
      <Filter>Source Files\debugger</Filter>
    </ClCompile>
    <ClCompile Include="..\debugger\gui\ToggleWidget.cxx">
      <Filter>Source Files\debugger</Filter>
    </ClCompile>
    <ClCompile Include="..\yacc\YaccParser.cxx">
      <Filter>Source Files\debugger</Filter>
    </ClCompile>
    <ClCompile Include="..\gui\AboutDialog.cxx">
      <Filter>Source Files\gui</Filter>
    </ClCompile>
    <ClCompile Include="..\gui\AudioDialog.cxx">
      <Filter>Source Files\gui</Filter>
    </ClCompile>
    <ClCompile Include="..\gui\BrowserDialog.cxx">
      <Filter>Source Files\gui</Filter>
    </ClCompile>
    <ClCompile Include="..\gui\CheckListWidget.cxx">
      <Filter>Source Files\gui</Filter>
    </ClCompile>
    <ClCompile Include="..\gui\ComboDialog.cxx">
      <Filter>Source Files\gui</Filter>
    </ClCompile>
    <ClCompile Include="..\gui\CommandDialog.cxx">
      <Filter>Source Files\gui</Filter>
    </ClCompile>
    <ClCompile Include="..\gui\CommandMenu.cxx">
      <Filter>Source Files\gui</Filter>
    </ClCompile>
    <ClCompile Include="..\gui\ContextMenu.cxx">
      <Filter>Source Files\gui</Filter>
    </ClCompile>
    <ClCompile Include="..\gui\Dialog.cxx">
      <Filter>Source Files\gui</Filter>
    </ClCompile>
    <ClCompile Include="..\gui\DialogContainer.cxx">
      <Filter>Source Files\gui</Filter>
    </ClCompile>
    <ClCompile Include="..\gui\EditableWidget.cxx">
      <Filter>Source Files\gui</Filter>
    </ClCompile>
    <ClCompile Include="..\gui\EditTextWidget.cxx">
      <Filter>Source Files\gui</Filter>
    </ClCompile>
    <ClCompile Include="..\gui\EventMappingWidget.cxx">
      <Filter>Source Files\gui</Filter>
    </ClCompile>
    <ClCompile Include="..\gui\FileSnapDialog.cxx">
      <Filter>Source Files\gui</Filter>
    </ClCompile>
    <ClCompile Include="..\gui\Font.cxx">
      <Filter>Source Files\gui</Filter>
    </ClCompile>
    <ClCompile Include="..\gui\GameInfoDialog.cxx">
      <Filter>Source Files\gui</Filter>
    </ClCompile>
    <ClCompile Include="..\gui\GameList.cxx">
      <Filter>Source Files\gui</Filter>
    </ClCompile>
    <ClCompile Include="..\gui\GlobalPropsDialog.cxx">
      <Filter>Source Files\gui</Filter>
    </ClCompile>
    <ClCompile Include="..\gui\HelpDialog.cxx">
      <Filter>Source Files\gui</Filter>
    </ClCompile>
    <ClCompile Include="..\gui\InputDialog.cxx">
      <Filter>Source Files\gui</Filter>
    </ClCompile>
    <ClCompile Include="..\gui\InputTextDialog.cxx">
      <Filter>Source Files\gui</Filter>
    </ClCompile>
    <ClCompile Include="..\gui\Launcher.cxx">
      <Filter>Source Files\gui</Filter>
    </ClCompile>
    <ClCompile Include="..\gui\LauncherDialog.cxx">
      <Filter>Source Files\gui</Filter>
    </ClCompile>
    <ClCompile Include="..\gui\LauncherFilterDialog.cxx">
      <Filter>Source Files\gui</Filter>
    </ClCompile>
    <ClCompile Include="..\gui\ListWidget.cxx">
      <Filter>Source Files\gui</Filter>
    </ClCompile>
    <ClCompile Include="..\gui\Menu.cxx">
      <Filter>Source Files\gui</Filter>
    </ClCompile>
    <ClCompile Include="..\gui\MessageBox.cxx">
      <Filter>Source Files\gui</Filter>
    </ClCompile>
    <ClCompile Include="..\gui\OptionsDialog.cxx">
      <Filter>Source Files\gui</Filter>
    </ClCompile>
    <ClCompile Include="..\gui\PopUpWidget.cxx">
      <Filter>Source Files\gui</Filter>
    </ClCompile>
    <ClCompile Include="..\gui\ProgressDialog.cxx">
      <Filter>Source Files\gui</Filter>
    </ClCompile>
    <ClCompile Include="..\gui\RomAuditDialog.cxx">
      <Filter>Source Files\gui</Filter>
    </ClCompile>
    <ClCompile Include="..\gui\RomInfoWidget.cxx">
      <Filter>Source Files\gui</Filter>
    </ClCompile>
    <ClCompile Include="..\gui\ScrollBarWidget.cxx">
      <Filter>Source Files\gui</Filter>
    </ClCompile>
    <ClCompile Include="..\gui\StringListWidget.cxx">
      <Filter>Source Files\gui</Filter>
    </ClCompile>
    <ClCompile Include="..\gui\TabWidget.cxx">
      <Filter>Source Files\gui</Filter>
    </ClCompile>
    <ClCompile Include="..\gui\UIDialog.cxx">
      <Filter>Source Files\gui</Filter>
    </ClCompile>
    <ClCompile Include="..\gui\VideoDialog.cxx">
      <Filter>Source Files\gui</Filter>
    </ClCompile>
    <ClCompile Include="..\gui\Widget.cxx">
      <Filter>Source Files\gui</Filter>
    </ClCompile>
    <ClCompile Include="..\zlib\adler32.c">
      <Filter>Source Files\zlib</Filter>
    </ClCompile>
    <ClCompile Include="..\zlib\compress.c">
      <Filter>Source Files\zlib</Filter>
    </ClCompile>
    <ClCompile Include="..\zlib\crc32.c">
      <Filter>Source Files\zlib</Filter>
    </ClCompile>
    <ClCompile Include="..\zlib\deflate.c">
      <Filter>Source Files\zlib</Filter>
    </ClCompile>
    <ClCompile Include="..\zlib\gzclose.c">
      <Filter>Source Files\zlib</Filter>
    </ClCompile>
    <ClCompile Include="..\zlib\gzlib.c">
      <Filter>Source Files\zlib</Filter>
    </ClCompile>
    <ClCompile Include="..\zlib\gzread.c">
      <Filter>Source Files\zlib</Filter>
    </ClCompile>
    <ClCompile Include="..\zlib\gzwrite.c">
      <Filter>Source Files\zlib</Filter>
    </ClCompile>
    <ClCompile Include="..\zlib\infback.c">
      <Filter>Source Files\zlib</Filter>
    </ClCompile>
    <ClCompile Include="..\zlib\inffast.c">
      <Filter>Source Files\zlib</Filter>
    </ClCompile>
    <ClCompile Include="..\zlib\inflate.c">
      <Filter>Source Files\zlib</Filter>
    </ClCompile>
    <ClCompile Include="..\zlib\inftrees.c">
      <Filter>Source Files\zlib</Filter>
    </ClCompile>
    <ClCompile Include="..\zlib\trees.c">
      <Filter>Source Files\zlib</Filter>
    </ClCompile>
    <ClCompile Include="..\zlib\uncompr.c">
      <Filter>Source Files\zlib</Filter>
    </ClCompile>
    <ClCompile Include="..\zlib\zutil.c">
      <Filter>Source Files\zlib</Filter>
    </ClCompile>
    <ClCompile Include="..\libpng\png.c">
      <Filter>Source Files\libpng</Filter>
    </ClCompile>
    <ClCompile Include="..\libpng\pngerror.c">
      <Filter>Source Files\libpng</Filter>
    </ClCompile>
    <ClCompile Include="..\libpng\pngget.c">
      <Filter>Source Files\libpng</Filter>
    </ClCompile>
    <ClCompile Include="..\libpng\pngmem.c">
      <Filter>Source Files\libpng</Filter>
    </ClCompile>
    <ClCompile Include="..\libpng\pngpread.c">
      <Filter>Source Files\libpng</Filter>
    </ClCompile>
    <ClCompile Include="..\libpng\pngread.c">
      <Filter>Source Files\libpng</Filter>
    </ClCompile>
    <ClCompile Include="..\libpng\pngrio.c">
      <Filter>Source Files\libpng</Filter>
    </ClCompile>
    <ClCompile Include="..\libpng\pngrtran.c">
      <Filter>Source Files\libpng</Filter>
    </ClCompile>
    <ClCompile Include="..\libpng\pngrutil.c">
      <Filter>Source Files\libpng</Filter>
    </ClCompile>
    <ClCompile Include="..\libpng\pngset.c">
      <Filter>Source Files\libpng</Filter>
    </ClCompile>
    <ClCompile Include="..\libpng\pngtrans.c">
      <Filter>Source Files\libpng</Filter>
    </ClCompile>
    <ClCompile Include="..\libpng\pngwio.c">
      <Filter>Source Files\libpng</Filter>
    </ClCompile>
    <ClCompile Include="..\libpng\pngwrite.c">
      <Filter>Source Files\libpng</Filter>
    </ClCompile>
    <ClCompile Include="..\libpng\pngwtran.c">
      <Filter>Source Files\libpng</Filter>
    </ClCompile>
    <ClCompile Include="..\libpng\pngwutil.c">
      <Filter>Source Files\libpng</Filter>
    </ClCompile>
  </ItemGroup>
  <ItemGroup>
    <ClInclude Include="..\common\Array.hxx">
      <Filter>Header Files</Filter>
    </ClInclude>
    <ClInclude Include="..\common\bspf.hxx">
      <Filter>Header Files</Filter>
    </ClInclude>
    <ClInclude Include="..\common\FrameBufferGL.hxx">
      <Filter>Header Files</Filter>
    </ClInclude>
    <ClInclude Include="..\common\FrameBufferSoft.hxx">
      <Filter>Header Files</Filter>
    </ClInclude>
    <ClInclude Include="..\common\GLShaderProgs.hxx">
      <Filter>Header Files</Filter>
    </ClInclude>
    <ClInclude Include="HomeFinder.hxx">
      <Filter>Header Files</Filter>
    </ClInclude>
    <ClInclude Include="OSystemWin32.hxx">
      <Filter>Header Files</Filter>
    </ClInclude>
    <ClInclude Include="..\common\PNGLibrary.hxx">
      <Filter>Header Files</Filter>
    </ClInclude>
    <ClInclude Include="..\common\RectList.hxx">
      <Filter>Header Files</Filter>
    </ClInclude>
    <ClInclude Include="SerialPortWin32.hxx">
      <Filter>Header Files</Filter>
    </ClInclude>
    <ClInclude Include="SettingsWin32.hxx">
      <Filter>Header Files</Filter>
    </ClInclude>
    <ClInclude Include="..\common\SharedPtr.hxx">
      <Filter>Header Files</Filter>
    </ClInclude>
    <ClInclude Include="..\common\Snapshot.hxx">
      <Filter>Header Files</Filter>
    </ClInclude>
    <ClInclude Include="..\common\SoundNull.hxx">
      <Filter>Header Files</Filter>
    </ClInclude>
    <ClInclude Include="..\common\SoundSDL.hxx">
      <Filter>Header Files</Filter>
    </ClInclude>
    <ClInclude Include="..\common\Stack.hxx">
      <Filter>Header Files</Filter>
    </ClInclude>
    <ClInclude Include="..\common\Version.hxx">
      <Filter>Header Files</Filter>
    </ClInclude>
    <ClInclude Include="..\common\VideoModeList.hxx">
      <Filter>Header Files</Filter>
    </ClInclude>
    <ClInclude Include="..\emucore\AtariVox.hxx">
      <Filter>Header Files\emucore</Filter>
    </ClInclude>
    <ClInclude Include="..\emucore\Booster.hxx">
      <Filter>Header Files\emucore</Filter>
    </ClInclude>
    <ClInclude Include="..\emucore\Cart.hxx">
      <Filter>Header Files\emucore</Filter>
    </ClInclude>
    <ClInclude Include="..\emucore\Cart0840.hxx">
      <Filter>Header Files\emucore</Filter>
    </ClInclude>
    <ClInclude Include="..\emucore\Cart2K.hxx">
      <Filter>Header Files\emucore</Filter>
    </ClInclude>
    <ClInclude Include="..\emucore\Cart3E.hxx">
      <Filter>Header Files\emucore</Filter>
    </ClInclude>
    <ClInclude Include="..\emucore\Cart3F.hxx">
      <Filter>Header Files\emucore</Filter>
    </ClInclude>
    <ClInclude Include="..\emucore\Cart4A50.hxx">
      <Filter>Header Files\emucore</Filter>
    </ClInclude>
    <ClInclude Include="..\emucore\Cart4K.hxx">
      <Filter>Header Files\emucore</Filter>
    </ClInclude>
    <ClInclude Include="..\emucore\CartAR.hxx">
      <Filter>Header Files\emucore</Filter>
    </ClInclude>
    <ClInclude Include="..\emucore\CartCV.hxx">
      <Filter>Header Files\emucore</Filter>
    </ClInclude>
    <ClInclude Include="..\emucore\CartDPC.hxx">
      <Filter>Header Files\emucore</Filter>
    </ClInclude>
    <ClInclude Include="..\emucore\CartDPCPlus.hxx">
      <Filter>Header Files\emucore</Filter>
    </ClInclude>
    <ClInclude Include="..\emucore\CartE0.hxx">
      <Filter>Header Files\emucore</Filter>
    </ClInclude>
    <ClInclude Include="..\emucore\CartE7.hxx">
      <Filter>Header Files\emucore</Filter>
    </ClInclude>
    <ClInclude Include="..\emucore\CartEF.hxx">
      <Filter>Header Files\emucore</Filter>
    </ClInclude>
    <ClInclude Include="..\emucore\CartEFSC.hxx">
      <Filter>Header Files\emucore</Filter>
    </ClInclude>
    <ClInclude Include="..\emucore\CartF0.hxx">
      <Filter>Header Files\emucore</Filter>
    </ClInclude>
    <ClInclude Include="..\emucore\CartF4.hxx">
      <Filter>Header Files\emucore</Filter>
    </ClInclude>
    <ClInclude Include="..\emucore\CartF4SC.hxx">
      <Filter>Header Files\emucore</Filter>
    </ClInclude>
    <ClInclude Include="..\emucore\CartF6.hxx">
      <Filter>Header Files\emucore</Filter>
    </ClInclude>
    <ClInclude Include="..\emucore\CartF6SC.hxx">
      <Filter>Header Files\emucore</Filter>
    </ClInclude>
    <ClInclude Include="..\emucore\CartF8.hxx">
      <Filter>Header Files\emucore</Filter>
    </ClInclude>
    <ClInclude Include="..\emucore\CartF8SC.hxx">
      <Filter>Header Files\emucore</Filter>
    </ClInclude>
    <ClInclude Include="..\emucore\CartFA.hxx">
      <Filter>Header Files\emucore</Filter>
    </ClInclude>
    <ClInclude Include="..\emucore\CartFE.hxx">
      <Filter>Header Files\emucore</Filter>
    </ClInclude>
    <ClInclude Include="..\emucore\CartMC.hxx">
      <Filter>Header Files\emucore</Filter>
    </ClInclude>
    <ClInclude Include="..\emucore\CartSB.hxx">
      <Filter>Header Files\emucore</Filter>
    </ClInclude>
    <ClInclude Include="..\emucore\CartUA.hxx">
      <Filter>Header Files\emucore</Filter>
    </ClInclude>
    <ClInclude Include="..\emucore\CartX07.hxx">
      <Filter>Header Files\emucore</Filter>
    </ClInclude>
    <ClInclude Include="..\emucore\Console.hxx">
      <Filter>Header Files\emucore</Filter>
    </ClInclude>
    <ClInclude Include="..\emucore\Control.hxx">
      <Filter>Header Files\emucore</Filter>
    </ClInclude>
    <ClInclude Include="..\emucore\DefProps.hxx">
      <Filter>Header Files\emucore</Filter>
    </ClInclude>
    <ClInclude Include="..\emucore\Device.hxx">
      <Filter>Header Files\emucore</Filter>
    </ClInclude>
    <ClInclude Include="..\emucore\Driving.hxx">
      <Filter>Header Files\emucore</Filter>
    </ClInclude>
    <ClInclude Include="..\emucore\Event.hxx">
      <Filter>Header Files\emucore</Filter>
    </ClInclude>
    <ClInclude Include="..\emucore\EventHandler.hxx">
      <Filter>Header Files\emucore</Filter>
    </ClInclude>
    <ClInclude Include="..\emucore\FrameBuffer.hxx">
      <Filter>Header Files\emucore</Filter>
    </ClInclude>
    <ClInclude Include="..\emucore\FSNode.hxx">
      <Filter>Header Files\emucore</Filter>
    </ClInclude>
    <ClInclude Include="..\emucore\Genesis.hxx">
      <Filter>Header Files\emucore</Filter>
    </ClInclude>
    <ClInclude Include="..\emucore\Joystick.hxx">
      <Filter>Header Files\emucore</Filter>
    </ClInclude>
    <ClInclude Include="..\emucore\Keyboard.hxx">
      <Filter>Header Files\emucore</Filter>
    </ClInclude>
    <ClInclude Include="..\emucore\KidVid.hxx">
      <Filter>Header Files\emucore</Filter>
    </ClInclude>
    <ClInclude Include="..\emucore\M6502.hxx">
      <Filter>Header Files\emucore</Filter>
    </ClInclude>
    <ClInclude Include="..\emucore\M6532.hxx">
      <Filter>Header Files\emucore</Filter>
    </ClInclude>
    <ClInclude Include="..\emucore\MD5.hxx">
      <Filter>Header Files\emucore</Filter>
    </ClInclude>
    <ClInclude Include="..\emucore\MediaFactory.hxx">
      <Filter>Header Files\emucore</Filter>
    </ClInclude>
    <ClInclude Include="..\emucore\MT24LC256.hxx">
      <Filter>Header Files\emucore</Filter>
    </ClInclude>
    <ClInclude Include="..\emucore\NullDev.hxx">
      <Filter>Header Files\emucore</Filter>
    </ClInclude>
    <ClInclude Include="..\emucore\OSystem.hxx">
      <Filter>Header Files\emucore</Filter>
    </ClInclude>
    <ClInclude Include="..\emucore\Paddles.hxx">
      <Filter>Header Files\emucore</Filter>
    </ClInclude>
    <ClInclude Include="..\emucore\Props.hxx">
      <Filter>Header Files\emucore</Filter>
    </ClInclude>
    <ClInclude Include="..\emucore\PropsSet.hxx">
      <Filter>Header Files\emucore</Filter>
    </ClInclude>
    <ClInclude Include="..\emucore\Random.hxx">
      <Filter>Header Files\emucore</Filter>
    </ClInclude>
    <ClInclude Include="..\emucore\SaveKey.hxx">
      <Filter>Header Files\emucore</Filter>
    </ClInclude>
    <ClInclude Include="..\emucore\Serializable.hxx">
      <Filter>Header Files\emucore</Filter>
    </ClInclude>
    <ClInclude Include="..\emucore\Serializer.hxx">
      <Filter>Header Files\emucore</Filter>
    </ClInclude>
    <ClInclude Include="..\emucore\Settings.hxx">
      <Filter>Header Files\emucore</Filter>
    </ClInclude>
    <ClInclude Include="..\emucore\Sound.hxx">
      <Filter>Header Files\emucore</Filter>
    </ClInclude>
    <ClInclude Include="..\emucore\StateManager.hxx">
      <Filter>Header Files\emucore</Filter>
    </ClInclude>
    <ClInclude Include="..\emucore\Switches.hxx">
      <Filter>Header Files\emucore</Filter>
    </ClInclude>
    <ClInclude Include="..\emucore\System.hxx">
      <Filter>Header Files\emucore</Filter>
    </ClInclude>
    <ClInclude Include="..\emucore\Thumbulator.hxx">
      <Filter>Header Files\emucore</Filter>
    </ClInclude>
    <ClInclude Include="..\emucore\TIA.hxx">
      <Filter>Header Files\emucore</Filter>
    </ClInclude>
    <ClInclude Include="..\emucore\TIASnd.hxx">
      <Filter>Header Files\emucore</Filter>
    </ClInclude>
    <ClInclude Include="..\emucore\TIATables.hxx">
      <Filter>Header Files\emucore</Filter>
    </ClInclude>
    <ClInclude Include="..\emucore\TrackBall.hxx">
      <Filter>Header Files\emucore</Filter>
    </ClInclude>
    <ClInclude Include="..\emucore\unzip.h">
      <Filter>Header Files\emucore</Filter>
    </ClInclude>
    <ClInclude Include="..\debugger\gui\AudioWidget.hxx">
      <Filter>Header Files\debugger</Filter>
    </ClInclude>
    <ClInclude Include="..\debugger\CartDebug.hxx">
      <Filter>Header Files\debugger</Filter>
    </ClInclude>
    <ClInclude Include="..\debugger\gui\ColorWidget.hxx">
      <Filter>Header Files\debugger</Filter>
    </ClInclude>
    <ClInclude Include="..\debugger\CpuDebug.hxx">
      <Filter>Header Files\debugger</Filter>
    </ClInclude>
    <ClInclude Include="..\debugger\gui\CpuWidget.hxx">
      <Filter>Header Files\debugger</Filter>
    </ClInclude>
    <ClInclude Include="..\debugger\gui\DataGridOpsWidget.hxx">
      <Filter>Header Files\debugger</Filter>
    </ClInclude>
    <ClInclude Include="..\debugger\gui\DataGridWidget.hxx">
      <Filter>Header Files\debugger</Filter>
    </ClInclude>
    <ClInclude Include="..\debugger\Debugger.hxx">
      <Filter>Header Files\debugger</Filter>
    </ClInclude>
    <ClInclude Include="..\debugger\gui\DebuggerDialog.hxx">
      <Filter>Header Files\debugger</Filter>
    </ClInclude>
    <ClInclude Include="..\debugger\DebuggerExpressions.hxx">
      <Filter>Header Files\debugger</Filter>
    </ClInclude>
    <ClInclude Include="..\debugger\DebuggerParser.hxx">
      <Filter>Header Files\debugger</Filter>
    </ClInclude>
    <ClInclude Include="..\debugger\DebuggerSystem.hxx">
      <Filter>Header Files\debugger</Filter>
    </ClInclude>
    <ClInclude Include="..\debugger\DiStella.hxx">
      <Filter>Header Files\debugger</Filter>
    </ClInclude>
    <ClInclude Include="..\debugger\Equate.hxx">
      <Filter>Header Files\debugger</Filter>
    </ClInclude>
    <ClInclude Include="..\debugger\Expression.hxx">
      <Filter>Header Files\debugger</Filter>
    </ClInclude>
    <ClInclude Include="..\debugger\PackedBitArray.hxx">
      <Filter>Header Files\debugger</Filter>
    </ClInclude>
    <ClInclude Include="..\debugger\gui\PromptWidget.hxx">
      <Filter>Header Files\debugger</Filter>
    </ClInclude>
    <ClInclude Include="..\debugger\gui\RamWidget.hxx">
      <Filter>Header Files\debugger</Filter>
    </ClInclude>
    <ClInclude Include="..\debugger\RiotDebug.hxx">
      <Filter>Header Files\debugger</Filter>
    </ClInclude>
    <ClInclude Include="..\debugger\gui\RiotWidget.hxx">
      <Filter>Header Files\debugger</Filter>
    </ClInclude>
    <ClInclude Include="..\debugger\gui\RomListWidget.hxx">
      <Filter>Header Files\debugger</Filter>
    </ClInclude>
    <ClInclude Include="..\debugger\gui\RomWidget.hxx">
      <Filter>Header Files\debugger</Filter>
    </ClInclude>
    <ClInclude Include="..\debugger\TIADebug.hxx">
      <Filter>Header Files\debugger</Filter>
    </ClInclude>
    <ClInclude Include="..\debugger\gui\TiaInfoWidget.hxx">
      <Filter>Header Files\debugger</Filter>
    </ClInclude>
    <ClInclude Include="..\debugger\gui\TiaOutputWidget.hxx">
      <Filter>Header Files\debugger</Filter>
    </ClInclude>
    <ClInclude Include="..\debugger\TiaWidget.hxx">
      <Filter>Header Files\debugger</Filter>
    </ClInclude>
    <ClInclude Include="..\debugger\gui\TiaZoomWidget.hxx">
      <Filter>Header Files\debugger</Filter>
    </ClInclude>
    <ClInclude Include="..\debugger\gui\ToggleBitWidget.hxx">
      <Filter>Header Files\debugger</Filter>
    </ClInclude>
    <ClInclude Include="..\debugger\gui\TogglePixelWidget.hxx">
      <Filter>Header Files\debugger</Filter>
    </ClInclude>
    <ClInclude Include="..\debugger\gui\ToggleWidget.hxx">
      <Filter>Header Files\debugger</Filter>
    </ClInclude>
    <ClInclude Include="..\yacc\YaccParser.hxx">
      <Filter>Header Files\debugger</Filter>
    </ClInclude>
    <ClInclude Include="..\cheat\BankRomCheat.hxx">
      <Filter>Header Files\cheat</Filter>
    </ClInclude>
    <ClInclude Include="..\cheat\Cheat.hxx">
      <Filter>Header Files\cheat</Filter>
    </ClInclude>
    <ClInclude Include="..\cheat\CheatCodeDialog.hxx">
      <Filter>Header Files\cheat</Filter>
    </ClInclude>
    <ClInclude Include="..\cheat\CheatManager.hxx">
      <Filter>Header Files\cheat</Filter>
    </ClInclude>
    <ClInclude Include="..\cheat\CheetahCheat.hxx">
      <Filter>Header Files\cheat</Filter>
    </ClInclude>
    <ClInclude Include="..\cheat\RamCheat.hxx">
      <Filter>Header Files\cheat</Filter>
    </ClInclude>
    <ClInclude Include="..\gui\AboutDialog.hxx">
      <Filter>Header Files\gui</Filter>
    </ClInclude>
    <ClInclude Include="..\gui\AudioDialog.hxx">
      <Filter>Header Files\gui</Filter>
    </ClInclude>
    <ClInclude Include="..\gui\BrowserDialog.hxx">
      <Filter>Header Files\gui</Filter>
    </ClInclude>
    <ClInclude Include="..\gui\CheckListWidget.hxx">
      <Filter>Header Files\gui</Filter>
    </ClInclude>
    <ClInclude Include="..\gui\ComboDialog.hxx">
      <Filter>Header Files\gui</Filter>
    </ClInclude>
    <ClInclude Include="..\gui\Command.hxx">
      <Filter>Header Files\gui</Filter>
    </ClInclude>
    <ClInclude Include="..\gui\CommandDialog.hxx">
      <Filter>Header Files\gui</Filter>
    </ClInclude>
    <ClInclude Include="..\gui\CommandMenu.hxx">
      <Filter>Header Files\gui</Filter>
    </ClInclude>
    <ClInclude Include="..\gui\ConsoleFont.hxx">
      <Filter>Header Files\gui</Filter>
    </ClInclude>
    <ClInclude Include="..\gui\ContextMenu.hxx">
      <Filter>Header Files\gui</Filter>
    </ClInclude>
    <ClInclude Include="..\gui\Dialog.hxx">
      <Filter>Header Files\gui</Filter>
    </ClInclude>
    <ClInclude Include="..\gui\DialogContainer.hxx">
      <Filter>Header Files\gui</Filter>
    </ClInclude>
    <ClInclude Include="..\gui\EditableWidget.hxx">
      <Filter>Header Files\gui</Filter>
    </ClInclude>
    <ClInclude Include="..\gui\EditTextWidget.hxx">
      <Filter>Header Files\gui</Filter>
    </ClInclude>
    <ClInclude Include="..\gui\EventMappingWidget.hxx">
      <Filter>Header Files\gui</Filter>
    </ClInclude>
    <ClInclude Include="..\gui\FileSnapDialog.hxx">
      <Filter>Header Files\gui</Filter>
    </ClInclude>
    <ClInclude Include="..\gui\Font.hxx">
      <Filter>Header Files\gui</Filter>
    </ClInclude>
    <ClInclude Include="..\gui\GameInfoDialog.hxx">
      <Filter>Header Files\gui</Filter>
    </ClInclude>
    <ClInclude Include="..\gui\GameList.hxx">
      <Filter>Header Files\gui</Filter>
    </ClInclude>
    <ClInclude Include="..\gui\GlobalPropsDialog.hxx">
      <Filter>Header Files\gui</Filter>
    </ClInclude>
    <ClInclude Include="..\gui\GuiObject.hxx">
      <Filter>Header Files\gui</Filter>
    </ClInclude>
    <ClInclude Include="..\gui\HelpDialog.hxx">
      <Filter>Header Files\gui</Filter>
    </ClInclude>
    <ClInclude Include="..\gui\InputDialog.hxx">
      <Filter>Header Files\gui</Filter>
    </ClInclude>
    <ClInclude Include="..\gui\InputTextDialog.hxx">
      <Filter>Header Files\gui</Filter>
    </ClInclude>
    <ClInclude Include="..\gui\Launcher.hxx">
      <Filter>Header Files\gui</Filter>
    </ClInclude>
    <ClInclude Include="..\gui\LauncherDialog.hxx">
      <Filter>Header Files\gui</Filter>
    </ClInclude>
    <ClInclude Include="..\gui\LauncherFilterDialog.hxx">
      <Filter>Header Files\gui</Filter>
    </ClInclude>
    <ClInclude Include="..\gui\ListWidget.hxx">
      <Filter>Header Files\gui</Filter>
    </ClInclude>
    <ClInclude Include="..\gui\Menu.hxx">
      <Filter>Header Files\gui</Filter>
    </ClInclude>
    <ClInclude Include="..\gui\MessageBox.hxx">
      <Filter>Header Files\gui</Filter>
    </ClInclude>
    <ClInclude Include="..\gui\OptionsDialog.hxx">
      <Filter>Header Files\gui</Filter>
    </ClInclude>
    <ClInclude Include="..\gui\PopUpWidget.hxx">
      <Filter>Header Files\gui</Filter>
    </ClInclude>
    <ClInclude Include="..\gui\ProgressDialog.hxx">
      <Filter>Header Files\gui</Filter>
    </ClInclude>
    <ClInclude Include="..\gui\Rect.hxx">
      <Filter>Header Files\gui</Filter>
    </ClInclude>
    <ClInclude Include="..\gui\RomAuditDialog.hxx">
      <Filter>Header Files\gui</Filter>
    </ClInclude>
    <ClInclude Include="..\gui\RomInfoWidget.hxx">
      <Filter>Header Files\gui</Filter>
    </ClInclude>
    <ClInclude Include="..\gui\ScrollBarWidget.hxx">
      <Filter>Header Files\gui</Filter>
    </ClInclude>
    <ClInclude Include="..\gui\Stack.hxx">
      <Filter>Header Files\gui</Filter>
    </ClInclude>
    <ClInclude Include="..\gui\StellaFont.hxx">
      <Filter>Header Files\gui</Filter>
    </ClInclude>
    <ClInclude Include="..\gui\StringList.hxx">
      <Filter>Header Files\gui</Filter>
    </ClInclude>
    <ClInclude Include="..\gui\StringListWidget.hxx">
      <Filter>Header Files\gui</Filter>
    </ClInclude>
    <ClInclude Include="..\gui\TabWidget.hxx">
      <Filter>Header Files\gui</Filter>
    </ClInclude>
    <ClInclude Include="..\gui\UIDialog.hxx">
      <Filter>Header Files\gui</Filter>
    </ClInclude>
    <ClInclude Include="..\gui\VideoDialog.hxx">
      <Filter>Header Files\gui</Filter>
    </ClInclude>
    <ClInclude Include="..\gui\Widget.hxx">
      <Filter>Header Files\gui</Filter>
    </ClInclude>
    <ClInclude Include="..\zlib\crc32.h">
      <Filter>Header Files\zlib</Filter>
    </ClInclude>
    <ClInclude Include="..\zlib\deflate.h">
      <Filter>Header Files\zlib</Filter>
    </ClInclude>
    <ClInclude Include="..\zlib\gzguts.h">
      <Filter>Header Files\zlib</Filter>
    </ClInclude>
    <ClInclude Include="..\zlib\inffast.h">
      <Filter>Header Files\zlib</Filter>
    </ClInclude>
    <ClInclude Include="..\zlib\inffixed.h">
      <Filter>Header Files\zlib</Filter>
    </ClInclude>
    <ClInclude Include="..\zlib\inflate.h">
      <Filter>Header Files\zlib</Filter>
    </ClInclude>
    <ClInclude Include="..\zlib\inftrees.h">
      <Filter>Header Files\zlib</Filter>
    </ClInclude>
    <ClInclude Include="..\zlib\trees.h">
      <Filter>Header Files\zlib</Filter>
    </ClInclude>
    <ClInclude Include="..\zlib\zconf.h">
      <Filter>Header Files\zlib</Filter>
    </ClInclude>
    <ClInclude Include="..\zlib\zlib.h">
      <Filter>Header Files\zlib</Filter>
    </ClInclude>
    <ClInclude Include="..\zlib\zutil.h">
      <Filter>Header Files\zlib</Filter>
    </ClInclude>
    <ClInclude Include="..\libpng\png.h">
      <Filter>Header Files\libpng</Filter>
    </ClInclude>
    <ClInclude Include="..\libpng\pngconf.h">
      <Filter>Header Files\libpng</Filter>
    </ClInclude>
    <ClInclude Include="..\libpng\pngpriv.h">
      <Filter>Header Files\libpng</Filter>
    </ClInclude>
  </ItemGroup>
  <ItemGroup>
    <None Include="stella.ico">
      <Filter>Resource Files</Filter>
    </None>
  </ItemGroup>
  <ItemGroup>
    <ResourceCompile Include="stella.rc">
      <Filter>Resource Files</Filter>
    </ResourceCompile>
  </ItemGroup>
</Project>